
Microsoft Visual Studio Solution File, Format Version 12.00
# Visual Studio 15
VisualStudioVersion = 15.0.27428.2015
MinimumVisualStudioVersion = 10.0.40219.1
Project("{A07B5EB6-E848-4116-A8D0-A826331D98C6}") = "SFMultipleWorkers", "SFMultipleWorkers\SFMultipleWorkers.sfproj", "{71085DDF-4773-42B9-88DF-FFDE754E6E42}"
EndProject
Project("{9A19103F-16F7-4668-BE54-9A1E7A4F7556}") = "BackgroundStatelessWorker", "BackgroundStatelessWorker\BackgroundStatelessWorker.csproj", "{B2F03519-A8B3-4835-B390-7DFEE608590C}"
EndProject
Project("{FAE04EC0-301F-11D3-BF4B-00C04F79EFBC}") = "StatelessAPI", "StatelessAPI\StatelessAPI.csproj", "{FB3B716B-4B26-44E5-AD2D-4B7E8DABBF4B}"
EndProject
Global
	GlobalSection(SolutionConfigurationPlatforms) = preSolution
		Debug|Any CPU = Debug|Any CPU
		Debug|x64 = Debug|x64
		Release|Any CPU = Release|Any CPU
		Release|x64 = Release|x64
	EndGlobalSection
	GlobalSection(ProjectConfigurationPlatforms) = postSolution
		{71085DDF-4773-42B9-88DF-FFDE754E6E42}.Debug|Any CPU.ActiveCfg = Debug|x64
		{71085DDF-4773-42B9-88DF-FFDE754E6E42}.Debug|x64.ActiveCfg = Debug|x64
		{71085DDF-4773-42B9-88DF-FFDE754E6E42}.Debug|x64.Build.0 = Debug|x64
		{71085DDF-4773-42B9-88DF-FFDE754E6E42}.Debug|x64.Deploy.0 = Debug|x64
		{71085DDF-4773-42B9-88DF-FFDE754E6E42}.Release|Any CPU.ActiveCfg = Release|x64
		{71085DDF-4773-42B9-88DF-FFDE754E6E42}.Release|x64.ActiveCfg = Release|x64
		{71085DDF-4773-42B9-88DF-FFDE754E6E42}.Release|x64.Build.0 = Release|x64
		{71085DDF-4773-42B9-88DF-FFDE754E6E42}.Release|x64.Deploy.0 = Release|x64
		{B2F03519-A8B3-4835-B390-7DFEE608590C}.Debug|Any CPU.ActiveCfg = Debug|Any CPU
		{B2F03519-A8B3-4835-B390-7DFEE608590C}.Debug|Any CPU.Build.0 = Debug|Any CPU
		{B2F03519-A8B3-4835-B390-7DFEE608590C}.Debug|x64.ActiveCfg = Debug|Any CPU
		{B2F03519-A8B3-4835-B390-7DFEE608590C}.Debug|x64.Build.0 = Debug|Any CPU
		{B2F03519-A8B3-4835-B390-7DFEE608590C}.Release|Any CPU.ActiveCfg = Release|Any CPU
		{B2F03519-A8B3-4835-B390-7DFEE608590C}.Release|Any CPU.Build.0 = Release|Any CPU
		{B2F03519-A8B3-4835-B390-7DFEE608590C}.Release|x64.ActiveCfg = Release|Any CPU
		{B2F03519-A8B3-4835-B390-7DFEE608590C}.Release|x64.Build.0 = Release|Any CPU
		{FB3B716B-4B26-44E5-AD2D-4B7E8DABBF4B}.Debug|Any CPU.ActiveCfg = Debug|Any CPU
		{FB3B716B-4B26-44E5-AD2D-4B7E8DABBF4B}.Debug|Any CPU.Build.0 = Debug|Any CPU
		{FB3B716B-4B26-44E5-AD2D-4B7E8DABBF4B}.Debug|x64.ActiveCfg = Debug|Any CPU
		{FB3B716B-4B26-44E5-AD2D-4B7E8DABBF4B}.Debug|x64.Build.0 = Debug|Any CPU
		{FB3B716B-4B26-44E5-AD2D-4B7E8DABBF4B}.Release|Any CPU.ActiveCfg = Release|Any CPU
		{FB3B716B-4B26-44E5-AD2D-4B7E8DABBF4B}.Release|Any CPU.Build.0 = Release|Any CPU
		{FB3B716B-4B26-44E5-AD2D-4B7E8DABBF4B}.Release|x64.ActiveCfg = Release|Any CPU
		{FB3B716B-4B26-44E5-AD2D-4B7E8DABBF4B}.Release|x64.Build.0 = Release|Any CPU
	EndGlobalSection
	GlobalSection(SolutionProperties) = preSolution
		HideSolutionNode = FALSE
	EndGlobalSection
	GlobalSection(ExtensibilityGlobals) = postSolution
		SolutionGuid = {172E2782-8F66-45FB-8C81-3FBC2EBB75E4}
	EndGlobalSection
EndGlobal
